
Microsoft Visual Studio Solution File, Format Version 10.00
# Visual Studio 2008
Project("{8BC9CEB8-8B4A-11D0-8D11-00A0C91BC942}") = "Delegates", "Delegates\Delegates.vcproj", "{EF53AD4B-9BEB-48E0-81FB-DD973083E8F6}"
EndProject
Project("{8BC9CEB8-8B4A-11D0-8D11-00A0C91BC942}") = "LibCurl", "LibCurl\LibCurl.vcproj", "{A0E91C69-4127-4510-A067-4FD6FD2173E1}"
EndProject
Project("{8BC9CEB8-8B4A-11D0-8D11-00A0C91BC942}") = "QtDrawer", "QtDrawer\QtDrawer.vcproj", "{7825120C-863D-42CE-8F88-174B65B22A45}"
EndProject
Project("{8BC9CEB8-8B4A-11D0-8D11-00A0C91BC942}") = "SAPISpeak", "SAPISpeak\SAPISpeak.vcproj", "{F0A27F6E-6238-4E46-B95C-6042A3F2112E}"
EndProject
Project("{8BC9CEB8-8B4A-11D0-8D11-00A0C91BC942}") = "Download", "Download\Download.vcproj", "{0DB57CFA-F4D3-473A-9B50-6B9B9D79D691}"
EndProject
Global
	GlobalSection(SolutionConfigurationPlatforms) = preSolution
		Debug|Win32 = Debug|Win32
		Release|Win32 = Release|Win32
	EndGlobalSection
	GlobalSection(ProjectConfigurationPlatforms) = postSolution
		{EF53AD4B-9BEB-48E0-81FB-DD973083E8F6}.Debug|Win32.ActiveCfg = Debug|Win32
		{EF53AD4B-9BEB-48E0-81FB-DD973083E8F6}.Debug|Win32.Build.0 = Debug|Win32
		{EF53AD4B-9BEB-48E0-81FB-DD973083E8F6}.Release|Win32.ActiveCfg = Release|Win32
		{EF53AD4B-9BEB-48E0-81FB-DD973083E8F6}.Release|Win32.Build.0 = Release|Win32
		{A0E91C69-4127-4510-A067-4FD6FD2173E1}.Debug|Win32.ActiveCfg = Debug|Win32
		{A0E91C69-4127-4510-A067-4FD6FD2173E1}.Debug|Win32.Build.0 = Debug|Win32
		{A0E91C69-4127-4510-A067-4FD6FD2173E1}.Release|Win32.ActiveCfg = Release|Win32
		{A0E91C69-4127-4510-A067-4FD6FD2173E1}.Release|Win32.Build.0 = Release|Win32
		{7825120C-863D-42CE-8F88-174B65B22A45}.Debug|Win32.ActiveCfg = Debug|Win32
		{7825120C-863D-42CE-8F88-174B65B22A45}.Debug|Win32.Build.0 = Debug|Win32
		{7825120C-863D-42CE-8F88-174B65B22A45}.Release|Win32.ActiveCfg = Release|Win32
		{7825120C-863D-42CE-8F88-174B65B22A45}.Release|Win32.Build.0 = Release|Win32
		{F0A27F6E-6238-4E46-B95C-6042A3F2112E}.Debug|Win32.ActiveCfg = Debug|Win32
		{F0A27F6E-6238-4E46-B95C-6042A3F2112E}.Debug|Win32.Build.0 = Debug|Win32
		{F0A27F6E-6238-4E46-B95C-6042A3F2112E}.Release|Win32.ActiveCfg = Release|Win32
		{F0A27F6E-6238-4E46-B95C-6042A3F2112E}.Release|Win32.Build.0 = Release|Win32
		{0DB57CFA-F4D3-473A-9B50-6B9B9D79D691}.Debug|Win32.ActiveCfg = Debug|Win32
		{0DB57CFA-F4D3-473A-9B50-6B9B9D79D691}.Debug|Win32.Build.0 = Debug|Win32
		{0DB57CFA-F4D3-473A-9B50-6B9B9D79D691}.Release|Win32.ActiveCfg = Release|Win32
		{0DB57CFA-F4D3-473A-9B50-6B9B9D79D691}.Release|Win32.Build.0 = Release|Win32
	EndGlobalSection
	GlobalSection(SolutionProperties) = preSolution
		HideSolutionNode = FALSE
	EndGlobalSection
EndGlobal
