
Microsoft Visual Studio Solution File, Format Version 12.00
# Visual Studio 2013
VisualStudioVersion = 12.0.21005.1
MinimumVisualStudioVersion = 10.0.40219.1
Project("{8BC9CEB8-8B4A-11D0-8D11-00A0C91BC942}") = "Delegates", "Delegates\Delegates.vcxproj", "{EF53AD4B-9BEB-48E0-81FB-DD973083E8F6}"
EndProject
Project("{8BC9CEB8-8B4A-11D0-8D11-00A0C91BC942}") = "LibCurl", "LibCurl\LibCurl.vcxproj", "{A0E91C69-4127-4510-A067-4FD6FD2173E1}"
EndProject
Project("{8BC9CEB8-8B4A-11D0-8D11-00A0C91BC942}") = "QtDrawer", "QtDrawer\QtDrawer.vcxproj", "{7825120C-863D-42CE-8F88-174B65B22A45}"
EndProject
Project("{8BC9CEB8-8B4A-11D0-8D11-00A0C91BC942}") = "SAPISpeak", "SAPISpeak\SAPISpeak.vcxproj", "{F0A27F6E-6238-4E46-B95C-6042A3F2112E}"
EndProject
Project("{8BC9CEB8-8B4A-11D0-8D11-00A0C91BC942}") = "Download", "Download\Download.vcxproj", "{0DB57CFA-F4D3-473A-9B50-6B9B9D79D691}"
EndProject
Project("{8BC9CEB8-8B4A-11D0-8D11-00A0C91BC942}") = "Compiler", "Compiler\Compiler.vcxproj", "{58C8CA78-5949-4EE5-B9BF-DCDAA11F0734}"
EndProject
Project("{8BC9CEB8-8B4A-11D0-8D11-00A0C91BC942}") = "FFMpegDemo", "FFMpegDemo\FFMpegDemo.vcxproj", "{B12702AD-ABFB-343A-A199-8E24837244A3}"
EndProject
Project("{8BC9CEB8-8B4A-11D0-8D11-00A0C91BC942}") = "FPlayer", "FPlayer\FPlayer.vcxproj", "{5F19953F-233B-4197-AEB7-4D87FFAC985C}"
EndProject
Project("{8BC9CEB8-8B4A-11D0-8D11-00A0C91BC942}") = "TestFPlayer", "TestFPlayer\TestFPlayer.vcxproj", "{D8954EEE-1142-43BD-9186-C2A286DA5DFE}"
EndProject
Project("{8BC9CEB8-8B4A-11D0-8D11-00A0C91BC942}") = "FFPlayer", "FFPlayer\FFPlayer.vcxproj", "{AE72B49C-B85A-454C-8435-456EA2643CEE}"
EndProject
Project("{8BC9CEB8-8B4A-11D0-8D11-00A0C91BC942}") = "QHttp", "QHttp\QHttp.vcxproj", "{679E4E4F-7BF4-4A54-B7FC-37563EF99579}"
EndProject
Global
	GlobalSection(SolutionConfigurationPlatforms) = preSolution
		Debug|Win32 = Debug|Win32
		Release|Win32 = Release|Win32
	EndGlobalSection
	GlobalSection(ProjectConfigurationPlatforms) = postSolution
		{EF53AD4B-9BEB-48E0-81FB-DD973083E8F6}.Debug|Win32.ActiveCfg = Debug|Win32
		{EF53AD4B-9BEB-48E0-81FB-DD973083E8F6}.Debug|Win32.Build.0 = Debug|Win32
		{EF53AD4B-9BEB-48E0-81FB-DD973083E8F6}.Release|Win32.ActiveCfg = Release|Win32
		{EF53AD4B-9BEB-48E0-81FB-DD973083E8F6}.Release|Win32.Build.0 = Release|Win32
		{A0E91C69-4127-4510-A067-4FD6FD2173E1}.Debug|Win32.ActiveCfg = Debug|Win32
		{A0E91C69-4127-4510-A067-4FD6FD2173E1}.Debug|Win32.Build.0 = Debug|Win32
		{A0E91C69-4127-4510-A067-4FD6FD2173E1}.Release|Win32.ActiveCfg = Release|Win32
		{A0E91C69-4127-4510-A067-4FD6FD2173E1}.Release|Win32.Build.0 = Release|Win32
		{7825120C-863D-42CE-8F88-174B65B22A45}.Debug|Win32.ActiveCfg = Debug|Win32
		{7825120C-863D-42CE-8F88-174B65B22A45}.Debug|Win32.Build.0 = Debug|Win32
		{7825120C-863D-42CE-8F88-174B65B22A45}.Release|Win32.ActiveCfg = Release|Win32
		{7825120C-863D-42CE-8F88-174B65B22A45}.Release|Win32.Build.0 = Release|Win32
		{F0A27F6E-6238-4E46-B95C-6042A3F2112E}.Debug|Win32.ActiveCfg = Debug|Win32
		{F0A27F6E-6238-4E46-B95C-6042A3F2112E}.Debug|Win32.Build.0 = Debug|Win32
		{F0A27F6E-6238-4E46-B95C-6042A3F2112E}.Release|Win32.ActiveCfg = Release|Win32
		{F0A27F6E-6238-4E46-B95C-6042A3F2112E}.Release|Win32.Build.0 = Release|Win32
		{0DB57CFA-F4D3-473A-9B50-6B9B9D79D691}.Debug|Win32.ActiveCfg = Debug|Win32
		{0DB57CFA-F4D3-473A-9B50-6B9B9D79D691}.Debug|Win32.Build.0 = Debug|Win32
		{0DB57CFA-F4D3-473A-9B50-6B9B9D79D691}.Release|Win32.ActiveCfg = Release|Win32
		{0DB57CFA-F4D3-473A-9B50-6B9B9D79D691}.Release|Win32.Build.0 = Release|Win32
		{58C8CA78-5949-4EE5-B9BF-DCDAA11F0734}.Debug|Win32.ActiveCfg = Debug|Win32
		{58C8CA78-5949-4EE5-B9BF-DCDAA11F0734}.Debug|Win32.Build.0 = Debug|Win32
		{58C8CA78-5949-4EE5-B9BF-DCDAA11F0734}.Release|Win32.ActiveCfg = Release|Win32
		{58C8CA78-5949-4EE5-B9BF-DCDAA11F0734}.Release|Win32.Build.0 = Release|Win32
		{B12702AD-ABFB-343A-A199-8E24837244A3}.Debug|Win32.ActiveCfg = Debug|Win32
		{B12702AD-ABFB-343A-A199-8E24837244A3}.Debug|Win32.Build.0 = Debug|Win32
		{B12702AD-ABFB-343A-A199-8E24837244A3}.Release|Win32.ActiveCfg = Release|Win32
		{B12702AD-ABFB-343A-A199-8E24837244A3}.Release|Win32.Build.0 = Release|Win32
		{5F19953F-233B-4197-AEB7-4D87FFAC985C}.Debug|Win32.ActiveCfg = Debug|Win32
		{5F19953F-233B-4197-AEB7-4D87FFAC985C}.Debug|Win32.Build.0 = Debug|Win32
		{5F19953F-233B-4197-AEB7-4D87FFAC985C}.Release|Win32.ActiveCfg = Release|Win32
		{5F19953F-233B-4197-AEB7-4D87FFAC985C}.Release|Win32.Build.0 = Release|Win32
		{D8954EEE-1142-43BD-9186-C2A286DA5DFE}.Debug|Win32.ActiveCfg = Debug|Win32
		{D8954EEE-1142-43BD-9186-C2A286DA5DFE}.Debug|Win32.Build.0 = Debug|Win32
		{D8954EEE-1142-43BD-9186-C2A286DA5DFE}.Release|Win32.ActiveCfg = Release|Win32
		{D8954EEE-1142-43BD-9186-C2A286DA5DFE}.Release|Win32.Build.0 = Release|Win32
		{AE72B49C-B85A-454C-8435-456EA2643CEE}.Debug|Win32.ActiveCfg = Debug|Win32
		{AE72B49C-B85A-454C-8435-456EA2643CEE}.Debug|Win32.Build.0 = Debug|Win32
		{AE72B49C-B85A-454C-8435-456EA2643CEE}.Release|Win32.ActiveCfg = Release|Win32
		{AE72B49C-B85A-454C-8435-456EA2643CEE}.Release|Win32.Build.0 = Release|Win32
		{679E4E4F-7BF4-4A54-B7FC-37563EF99579}.Debug|Win32.ActiveCfg = Debug|Win32
		{679E4E4F-7BF4-4A54-B7FC-37563EF99579}.Debug|Win32.Build.0 = Debug|Win32
		{679E4E4F-7BF4-4A54-B7FC-37563EF99579}.Release|Win32.ActiveCfg = Release|Win32
		{679E4E4F-7BF4-4A54-B7FC-37563EF99579}.Release|Win32.Build.0 = Release|Win32
	EndGlobalSection
	GlobalSection(SolutionProperties) = preSolution
		HideSolutionNode = FALSE
	EndGlobalSection
	GlobalSection(ExtensibilityGlobals) = postSolution
		Qt5Version = $(DefaultQtVersion)
	EndGlobalSection
EndGlobal
